// !$*UTF8*$!
{
	archiveVersion = 1;
	classes = {
	};
	objectVersion = 46;
	objects = {

/* Begin PBXBuildFile section */
		EC45CACE18ADC7CE0063DD11 /* Foundation.framework in Frameworks */ = {isa = PBXBuildFile; fileRef = EC45CACD18ADC7CE0063DD11 /* Foundation.framework */; };
		EC45CAD018ADC7CE0063DD11 /* CoreGraphics.framework in Frameworks */ = {isa = PBXBuildFile; fileRef = EC45CACF18ADC7CE0063DD11 /* CoreGraphics.framework */; };
		EC45CAD218ADC7CE0063DD11 /* UIKit.framework in Frameworks */ = {isa = PBXBuildFile; fileRef = EC45CAD118ADC7CE0063DD11 /* UIKit.framework */; };
		EC45CAD818ADC7CE0063DD11 /* InfoPlist.strings in Resources */ = {isa = PBXBuildFile; fileRef = EC45CAD618ADC7CE0063DD11 /* InfoPlist.strings */; };
		EC45CADA18ADC7CE0063DD11 /* main.m in Sources */ = {isa = PBXBuildFile; fileRef = EC45CAD918ADC7CE0063DD11 /* main.m */; };
		EC45CADE18ADC7CE0063DD11 /* AppDelegate.m in Sources */ = {isa = PBXBuildFile; fileRef = EC45CADD18ADC7CE0063DD11 /* AppDelegate.m */; };
		EC45CAE118ADC7CE0063DD11 /* Main_iPhone.storyboard in Resources */ = {isa = PBXBuildFile; fileRef = EC45CADF18ADC7CE0063DD11 /* Main_iPhone.storyboard */; };
		EC45CAE418ADC7CE0063DD11 /* Main_iPad.storyboard in Resources */ = {isa = PBXBuildFile; fileRef = EC45CAE218ADC7CE0063DD11 /* Main_iPad.storyboard */; };
		EC45CAE718ADC7CE0063DD11 /* ViewController.m in Sources */ = {isa = PBXBuildFile; fileRef = EC45CAE618ADC7CE0063DD11 /* ViewController.m */; };
		EC45CAE918ADC7CE0063DD11 /* Images.xcassets in Resources */ = {isa = PBXBuildFile; fileRef = EC45CAE818ADC7CE0063DD11 /* Images.xcassets */; };
		EC45CB0418ADC7E80063DD11 /* libFBKVOController.a in Frameworks */ = {isa = PBXBuildFile; fileRef = EC45CB0318ADC7E80063DD11 /* libFBKVOController.a */; };
		EC45CB7718ADD0B80063DD11 /* Cocoa.framework in Frameworks */ = {isa = PBXBuildFile; fileRef = EC45CB0A18ADC8570063DD11 /* Cocoa.framework */; };
		EC45CB7D18ADD0B80063DD11 /* InfoPlist.strings in Resources */ = {isa = PBXBuildFile; fileRef = EC45CB7B18ADD0B80063DD11 /* InfoPlist.strings */; };
		EC45CB7F18ADD0B80063DD11 /* main.m in Sources */ = {isa = PBXBuildFile; fileRef = EC45CB7E18ADD0B80063DD11 /* main.m */; };
		EC45CB8318ADD0B80063DD11 /* Credits.rtf in Resources */ = {isa = PBXBuildFile; fileRef = EC45CB8118ADD0B80063DD11 /* Credits.rtf */; };
		EC45CB8618ADD0B80063DD11 /* AppDelegate.m in Sources */ = {isa = PBXBuildFile; fileRef = EC45CB8518ADD0B80063DD11 /* AppDelegate.m */; };
		EC45CB8918ADD0B80063DD11 /* MainMenu.xib in Resources */ = {isa = PBXBuildFile; fileRef = EC45CB8718ADD0B80063DD11 /* MainMenu.xib */; };
		EC45CB8B18ADD0B80063DD11 /* Images.xcassets in Resources */ = {isa = PBXBuildFile; fileRef = EC45CB8A18ADD0B80063DD11 /* Images.xcassets */; };
		EC45CBA518ADD0F60063DD11 /* FBKVOController.m in Sources */ = {isa = PBXBuildFile; fileRef = EC45CBA418ADD0F60063DD11 /* FBKVOController.m */; };
		EC45CBA918ADD1A00063DD11 /* Clock.m in Sources */ = {isa = PBXBuildFile; fileRef = EC45CBA818ADD1A00063DD11 /* Clock.m */; };
		EC45CBAA18ADD6BB0063DD11 /* Clock.m in Sources */ = {isa = PBXBuildFile; fileRef = EC45CBA818ADD1A00063DD11 /* Clock.m */; };
		ECC5760818ADDE4E00C2BFB8 /* ClockView.m in Sources */ = {isa = PBXBuildFile; fileRef = ECC5760718ADDE4E00C2BFB8 /* ClockView.m */; };
		ECC5761818ADF2F100C2BFB8 /* ClockView.m in Sources */ = {isa = PBXBuildFile; fileRef = ECC5761718ADF2F100C2BFB8 /* ClockView.m */; };
		ECC5761B18ADF76500C2BFB8 /* ClockLayer.m in Sources */ = {isa = PBXBuildFile; fileRef = ECC5761A18ADF76500C2BFB8 /* ClockLayer.m */; };
/* End PBXBuildFile section */

/* Begin PBXFileReference section */
		EC45CACA18ADC7CE0063DD11 /* Clock-iOS.app */ = {isa = PBXFileReference; explicitFileType = wrapper.application; includeInIndex = 0; path = "Clock-iOS.app"; sourceTree = BUILT_PRODUCTS_DIR; };
		EC45CACD18ADC7CE0063DD11 /* Foundation.framework */ = {isa = PBXFileReference; lastKnownFileType = wrapper.framework; name = Foundation.framework; path = System/Library/Frameworks/Foundation.framework; sourceTree = SDKROOT; };
		EC45CACF18ADC7CE0063DD11 /* CoreGraphics.framework */ = {isa = PBXFileReference; lastKnownFileType = wrapper.framework; name = CoreGraphics.framework; path = System/Library/Frameworks/CoreGraphics.framework; sourceTree = SDKROOT; };
		EC45CAD118ADC7CE0063DD11 /* UIKit.framework */ = {isa = PBXFileReference; lastKnownFileType = wrapper.framework; name = UIKit.framework; path = Library/Frameworks/UIKit.framework; sourceTree = DEVELOPER_DIR; };
		EC45CAD518ADC7CE0063DD11 /* Clock-iOS-Info.plist */ = {isa = PBXFileReference; lastKnownFileType = text.plist.xml; path = "Clock-iOS-Info.plist"; sourceTree = "<group>"; };
		EC45CAD718ADC7CE0063DD11 /* en */ = {isa = PBXFileReference; lastKnownFileType = text.plist.strings; name = en; path = en.lproj/InfoPlist.strings; sourceTree = "<group>"; };
		EC45CAD918ADC7CE0063DD11 /* main.m */ = {isa = PBXFileReference; lastKnownFileType = sourcecode.c.objc; path = main.m; sourceTree = "<group>"; };
		EC45CADB18ADC7CE0063DD11 /* Clock-iOS-Prefix.pch */ = {isa = PBXFileReference; lastKnownFileType = sourcecode.c.h; path = "Clock-iOS-Prefix.pch"; sourceTree = "<group>"; };
		EC45CADC18ADC7CE0063DD11 /* AppDelegate.h */ = {isa = PBXFileReference; lastKnownFileType = sourcecode.c.h; path = AppDelegate.h; sourceTree = "<group>"; };
		EC45CADD18ADC7CE0063DD11 /* AppDelegate.m */ = {isa = PBXFileReference; lastKnownFileType = sourcecode.c.objc; path = AppDelegate.m; sourceTree = "<group>"; };
		EC45CAE018ADC7CE0063DD11 /* Base */ = {isa = PBXFileReference; lastKnownFileType = file.storyboard; name = Base; path = Base.lproj/Main_iPhone.storyboard; sourceTree = "<group>"; };
		EC45CAE318ADC7CE0063DD11 /* Base */ = {isa = PBXFileReference; lastKnownFileType = file.storyboard; name = Base; path = Base.lproj/Main_iPad.storyboard; sourceTree = "<group>"; };
		EC45CAE518ADC7CE0063DD11 /* ViewController.h */ = {isa = PBXFileReference; lastKnownFileType = sourcecode.c.h; path = ViewController.h; sourceTree = "<group>"; };
		EC45CAE618ADC7CE0063DD11 /* ViewController.m */ = {isa = PBXFileReference; lastKnownFileType = sourcecode.c.objc; path = ViewController.m; sourceTree = "<group>"; };
		EC45CAE818ADC7CE0063DD11 /* Images.xcassets */ = {isa = PBXFileReference; lastKnownFileType = folder.assetcatalog; path = Images.xcassets; sourceTree = "<group>"; };
		EC45CAEF18ADC7CE0063DD11 /* XCTest.framework */ = {isa = PBXFileReference; lastKnownFileType = wrapper.framework; name = XCTest.framework; path = Library/Frameworks/XCTest.framework; sourceTree = DEVELOPER_DIR; };
		EC45CB0318ADC7E80063DD11 /* libFBKVOController.a */ = {isa = PBXFileReference; lastKnownFileType = archive.ar; name = libFBKVOController.a; path = "../../../Library/Developer/Xcode/DerivedData/FBKVOController-amnevtoymcgzwwazjmzbwvbeduoi/Build/Products/Debug-iphoneos/libFBKVOController.a"; sourceTree = "<group>"; };
		EC45CB0A18ADC8570063DD11 /* Cocoa.framework */ = {isa = PBXFileReference; lastKnownFileType = wrapper.framework; name = Cocoa.framework; path = System/Library/Frameworks/Cocoa.framework; sourceTree = SDKROOT; };
		EC45CB0D18ADC8570063DD11 /* AppKit.framework */ = {isa = PBXFileReference; lastKnownFileType = wrapper.framework; name = AppKit.framework; path = System/Library/Frameworks/AppKit.framework; sourceTree = SDKROOT; };
		EC45CB0E18ADC8570063DD11 /* CoreData.framework */ = {isa = PBXFileReference; lastKnownFileType = wrapper.framework; name = CoreData.framework; path = System/Library/Frameworks/CoreData.framework; sourceTree = SDKROOT; };
		EC45CB0F18ADC8570063DD11 /* Foundation.framework */ = {isa = PBXFileReference; lastKnownFileType = wrapper.framework; name = Foundation.framework; path = System/Library/Frameworks/Foundation.framework; sourceTree = SDKROOT; };
		EC45CB7618ADD0B80063DD11 /* Clock-OSX.app */ = {isa = PBXFileReference; explicitFileType = wrapper.application; includeInIndex = 0; path = "Clock-OSX.app"; sourceTree = BUILT_PRODUCTS_DIR; };
		EC45CB7A18ADD0B80063DD11 /* Clock-OSX-Info.plist */ = {isa = PBXFileReference; lastKnownFileType = text.plist.xml; path = "Clock-OSX-Info.plist"; sourceTree = "<group>"; };
		EC45CB7C18ADD0B80063DD11 /* en */ = {isa = PBXFileReference; lastKnownFileType = text.plist.strings; name = en; path = en.lproj/InfoPlist.strings; sourceTree = "<group>"; };
		EC45CB7E18ADD0B80063DD11 /* main.m */ = {isa = PBXFileReference; lastKnownFileType = sourcecode.c.objc; path = main.m; sourceTree = "<group>"; };
		EC45CB8018ADD0B80063DD11 /* Clock-OSX-Prefix.pch */ = {isa = PBXFileReference; lastKnownFileType = sourcecode.c.h; path = "Clock-OSX-Prefix.pch"; sourceTree = "<group>"; };
		EC45CB8218ADD0B80063DD11 /* en */ = {isa = PBXFileReference; lastKnownFileType = text.rtf; name = en; path = en.lproj/Credits.rtf; sourceTree = "<group>"; };
		EC45CB8418ADD0B80063DD11 /* AppDelegate.h */ = {isa = PBXFileReference; lastKnownFileType = sourcecode.c.h; path = AppDelegate.h; sourceTree = "<group>"; };
		EC45CB8518ADD0B80063DD11 /* AppDelegate.m */ = {isa = PBXFileReference; lastKnownFileType = sourcecode.c.objc; path = AppDelegate.m; sourceTree = "<group>"; };
		EC45CB8818ADD0B80063DD11 /* Base */ = {isa = PBXFileReference; lastKnownFileType = file.xib; name = Base; path = Base.lproj/MainMenu.xib; sourceTree = "<group>"; };
		EC45CB8A18ADD0B80063DD11 /* Images.xcassets */ = {isa = PBXFileReference; lastKnownFileType = folder.assetcatalog; path = Images.xcassets; sourceTree = "<group>"; };
		EC45CBA318ADD0F60063DD11 /* FBKVOController.h */ = {isa = PBXFileReference; fileEncoding = 4; lastKnownFileType = sourcecode.c.h; name = FBKVOController.h; path = ../../FBKVOController/FBKVOController.h; sourceTree = "<group>"; };
		EC45CBA418ADD0F60063DD11 /* FBKVOController.m */ = {isa = PBXFileReference; fileEncoding = 4; lastKnownFileType = sourcecode.c.objc; name = FBKVOController.m; path = ../../FBKVOController/FBKVOController.m; sourceTree = "<group>"; };
		EC45CBA718ADD1A00063DD11 /* Clock.h */ = {isa = PBXFileReference; fileEncoding = 4; lastKnownFileType = sourcecode.c.h; name = Clock.h; path = "Clock-iOS/Clock.h"; sourceTree = "<group>"; };
		EC45CBA818ADD1A00063DD11 /* Clock.m */ = {isa = PBXFileReference; fileEncoding = 4; lastKnownFileType = sourcecode.c.objc; name = Clock.m; path = "Clock-iOS/Clock.m"; sourceTree = "<group>"; };
		ECC5760618ADDE4E00C2BFB8 /* ClockView.h */ = {isa = PBXFileReference; fileEncoding = 4; lastKnownFileType = sourcecode.c.h; path = ClockView.h; sourceTree = "<group>"; };
		ECC5760718ADDE4E00C2BFB8 /* ClockView.m */ = {isa = PBXFileReference; fileEncoding = 4; lastKnownFileType = sourcecode.c.objc; path = ClockView.m; sourceTree = "<group>"; };
		ECC5761618ADF2F100C2BFB8 /* ClockView.h */ = {isa = PBXFileReference; fileEncoding = 4; lastKnownFileType = sourcecode.c.h; path = ClockView.h; sourceTree = "<group>"; };
		ECC5761718ADF2F100C2BFB8 /* ClockView.m */ = {isa = PBXFileReference; fileEncoding = 4; lastKnownFileType = sourcecode.c.objc; path = ClockView.m; sourceTree = "<group>"; };
		ECC5761918ADF76500C2BFB8 /* ClockLayer.h */ = {isa = PBXFileReference; fileEncoding = 4; lastKnownFileType = sourcecode.c.h; path = ClockLayer.h; sourceTree = "<group>"; };
		ECC5761A18ADF76500C2BFB8 /* ClockLayer.m */ = {isa = PBXFileReference; fileEncoding = 4; lastKnownFileType = sourcecode.c.objc; path = ClockLayer.m; sourceTree = "<group>"; };
/* End PBXFileReference section */

/* Begin PBXFrameworksBuildPhase section */
		EC45CAC718ADC7CE0063DD11 /* Frameworks */ = {
			isa = PBXFrameworksBuildPhase;
			buildActionMask = 2147483647;
			files = (
				EC45CB0418ADC7E80063DD11 /* libFBKVOController.a in Frameworks */,
				EC45CAD018ADC7CE0063DD11 /* CoreGraphics.framework in Frameworks */,
				EC45CAD218ADC7CE0063DD11 /* UIKit.framework in Frameworks */,
				EC45CACE18ADC7CE0063DD11 /* Foundation.framework in Frameworks */,
			);
			runOnlyForDeploymentPostprocessing = 0;
		};
		EC45CB7318ADD0B80063DD11 /* Frameworks */ = {
			isa = PBXFrameworksBuildPhase;
			buildActionMask = 2147483647;
			files = (
				EC45CB7718ADD0B80063DD11 /* Cocoa.framework in Frameworks */,
			);
			runOnlyForDeploymentPostprocessing = 0;
		};
/* End PBXFrameworksBuildPhase section */

/* Begin PBXGroup section */
		EC45CABF18ADC7920063DD11 = {
			isa = PBXGroup;
			children = (
				ECC5761518ADEDFC00C2BFB8 /* Clock */,
				EC45CACC18ADC7CE0063DD11 /* Frameworks */,
				EC45CACB18ADC7CE0063DD11 /* Products */,
			);
			sourceTree = "<group>";
		};
		EC45CACB18ADC7CE0063DD11 /* Products */ = {
			isa = PBXGroup;
			children = (
				EC45CACA18ADC7CE0063DD11 /* Clock-iOS.app */,
				EC45CB7618ADD0B80063DD11 /* Clock-OSX.app */,
			);
			name = Products;
			sourceTree = "<group>";
		};
		EC45CACC18ADC7CE0063DD11 /* Frameworks */ = {
			isa = PBXGroup;
			children = (
				EC45CB0318ADC7E80063DD11 /* libFBKVOController.a */,
				EC45CACD18ADC7CE0063DD11 /* Foundation.framework */,
				EC45CACF18ADC7CE0063DD11 /* CoreGraphics.framework */,
				EC45CAD118ADC7CE0063DD11 /* UIKit.framework */,
				EC45CAEF18ADC7CE0063DD11 /* XCTest.framework */,
				EC45CB0A18ADC8570063DD11 /* Cocoa.framework */,
				EC45CB0C18ADC8570063DD11 /* Other Frameworks */,
			);
			name = Frameworks;
			sourceTree = "<group>";
		};
		EC45CAD318ADC7CE0063DD11 /* Clock-iOS */ = {
			isa = PBXGroup;
			children = (
				EC45CADC18ADC7CE0063DD11 /* AppDelegate.h */,
				EC45CADD18ADC7CE0063DD11 /* AppDelegate.m */,
				EC45CADF18ADC7CE0063DD11 /* Main_iPhone.storyboard */,
				EC45CAE218ADC7CE0063DD11 /* Main_iPad.storyboard */,
				EC45CAE518ADC7CE0063DD11 /* ViewController.h */,
				EC45CAE618ADC7CE0063DD11 /* ViewController.m */,
				ECC5761618ADF2F100C2BFB8 /* ClockView.h */,
				ECC5761718ADF2F100C2BFB8 /* ClockView.m */,
				ECC5761918ADF76500C2BFB8 /* ClockLayer.h */,
				ECC5761A18ADF76500C2BFB8 /* ClockLayer.m */,
				EC45CAE818ADC7CE0063DD11 /* Images.xcassets */,
				EC45CAD418ADC7CE0063DD11 /* Supporting Files */,
			);
			path = "Clock-iOS";
			sourceTree = "<group>";
		};
		EC45CAD418ADC7CE0063DD11 /* Supporting Files */ = {
			isa = PBXGroup;
			children = (
				EC45CAD518ADC7CE0063DD11 /* Clock-iOS-Info.plist */,
				EC45CAD618ADC7CE0063DD11 /* InfoPlist.strings */,
				EC45CAD918ADC7CE0063DD11 /* main.m */,
				EC45CADB18ADC7CE0063DD11 /* Clock-iOS-Prefix.pch */,
			);
			name = "Supporting Files";
			sourceTree = "<group>";
		};
		EC45CB0C18ADC8570063DD11 /* Other Frameworks */ = {
			isa = PBXGroup;
			children = (
				EC45CB0D18ADC8570063DD11 /* AppKit.framework */,
				EC45CB0E18ADC8570063DD11 /* CoreData.framework */,
				EC45CB0F18ADC8570063DD11 /* Foundation.framework */,
			);
			name = "Other Frameworks";
			sourceTree = "<group>";
		};
		EC45CB7818ADD0B80063DD11 /* Clock-OSX */ = {
			isa = PBXGroup;
			children = (
				EC45CB8418ADD0B80063DD11 /* AppDelegate.h */,
				EC45CB8518ADD0B80063DD11 /* AppDelegate.m */,
				ECC5760618ADDE4E00C2BFB8 /* ClockView.h */,
				ECC5760718ADDE4E00C2BFB8 /* ClockView.m */,
				EC45CBA318ADD0F60063DD11 /* FBKVOController.h */,
				EC45CBA418ADD0F60063DD11 /* FBKVOController.m */,
				EC45CB8718ADD0B80063DD11 /* MainMenu.xib */,
				EC45CB8A18ADD0B80063DD11 /* Images.xcassets */,
				EC45CB7918ADD0B80063DD11 /* Supporting Files */,
			);
			path = "Clock-OSX";
			sourceTree = "<group>";
		};
		EC45CB7918ADD0B80063DD11 /* Supporting Files */ = {
			isa = PBXGroup;
			children = (
				EC45CB7A18ADD0B80063DD11 /* Clock-OSX-Info.plist */,
				EC45CB7B18ADD0B80063DD11 /* InfoPlist.strings */,
				EC45CB7E18ADD0B80063DD11 /* main.m */,
				EC45CB8018ADD0B80063DD11 /* Clock-OSX-Prefix.pch */,
				EC45CB8118ADD0B80063DD11 /* Credits.rtf */,
			);
			name = "Supporting Files";
			sourceTree = "<group>";
		};
		ECC5761518ADEDFC00C2BFB8 /* Clock */ = {
			isa = PBXGroup;
			children = (
				EC45CBA718ADD1A00063DD11 /* Clock.h */,
				EC45CBA818ADD1A00063DD11 /* Clock.m */,
				EC45CAD318ADC7CE0063DD11 /* Clock-iOS */,
				EC45CB7818ADD0B80063DD11 /* Clock-OSX */,
			);
			name = Clock;
			sourceTree = "<group>";
		};
/* End PBXGroup section */

/* Begin PBXNativeTarget section */
		EC45CAC918ADC7CE0063DD11 /* Clock-iOS */ = {
			isa = PBXNativeTarget;
			buildConfigurationList = EC45CAFD18ADC7CE0063DD11 /* Build configuration list for PBXNativeTarget "Clock-iOS" */;
			buildPhases = (
				EC45CAC618ADC7CE0063DD11 /* Sources */,
				EC45CAC718ADC7CE0063DD11 /* Frameworks */,
				EC45CAC818ADC7CE0063DD11 /* Resources */,
			);
			buildRules = (
			);
			dependencies = (
			);
			name = "Clock-iOS";
			productName = "Clock-iOS";
			productReference = EC45CACA18ADC7CE0063DD11 /* Clock-iOS.app */;
			productType = "com.apple.product-type.application";
		};
		EC45CB7518ADD0B80063DD11 /* Clock-OSX */ = {
			isa = PBXNativeTarget;
			buildConfigurationList = EC45CB9D18ADD0B80063DD11 /* Build configuration list for PBXNativeTarget "Clock-OSX" */;
			buildPhases = (
				EC45CB7218ADD0B80063DD11 /* Sources */,
				EC45CB7318ADD0B80063DD11 /* Frameworks */,
				EC45CB7418ADD0B80063DD11 /* Resources */,
			);
			buildRules = (
			);
			dependencies = (
			);
			name = "Clock-OSX";
			productName = "Clock-OSX";
			productReference = EC45CB7618ADD0B80063DD11 /* Clock-OSX.app */;
			productType = "com.apple.product-type.application";
		};
/* End PBXNativeTarget section */

/* Begin PBXProject section */
		EC45CAC018ADC7920063DD11 /* Project object */ = {
			isa = PBXProject;
			attributes = {
				LastUpgradeCheck = 0500;
			};
			buildConfigurationList = EC45CAC318ADC7920063DD11 /* Build configuration list for PBXProject "Examples" */;
			compatibilityVersion = "Xcode 3.2";
			developmentRegion = English;
			hasScannedForEncodings = 0;
			knownRegions = (
				en,
				Base,
			);
			mainGroup = EC45CABF18ADC7920063DD11;
			productRefGroup = EC45CACB18ADC7CE0063DD11 /* Products */;
			projectDirPath = "";
			projectRoot = "";
			targets = (
				EC45CAC918ADC7CE0063DD11 /* Clock-iOS */,
				EC45CB7518ADD0B80063DD11 /* Clock-OSX */,
			);
		};
/* End PBXProject section */

/* Begin PBXResourcesBuildPhase section */
		EC45CAC818ADC7CE0063DD11 /* Resources */ = {
			isa = PBXResourcesBuildPhase;
			buildActionMask = 2147483647;
			files = (
				EC45CAE418ADC7CE0063DD11 /* Main_iPad.storyboard in Resources */,
				EC45CAE918ADC7CE0063DD11 /* Images.xcassets in Resources */,
				EC45CAE118ADC7CE0063DD11 /* Main_iPhone.storyboard in Resources */,
				EC45CAD818ADC7CE0063DD11 /* InfoPlist.strings in Resources */,
			);
			runOnlyForDeploymentPostprocessing = 0;
		};
		EC45CB7418ADD0B80063DD11 /* Resources */ = {
			isa = PBXResourcesBuildPhase;
			buildActionMask = 2147483647;
			files = (
				EC45CB7D18ADD0B80063DD11 /* InfoPlist.strings in Resources */,
				EC45CB8B18ADD0B80063DD11 /* Images.xcassets in Resources */,
				EC45CB8318ADD0B80063DD11 /* Credits.rtf in Resources */,
				EC45CB8918ADD0B80063DD11 /* MainMenu.xib in Resources */,
			);
			runOnlyForDeploymentPostprocessing = 0;
		};
/* End PBXResourcesBuildPhase section */

/* Begin PBXSourcesBuildPhase section */
		EC45CAC618ADC7CE0063DD11 /* Sources */ = {
			isa = PBXSourcesBuildPhase;
			buildActionMask = 2147483647;
			files = (
				ECC5761B18ADF76500C2BFB8 /* ClockLayer.m in Sources */,
				EC45CAE718ADC7CE0063DD11 /* ViewController.m in Sources */,
				ECC5761818ADF2F100C2BFB8 /* ClockView.m in Sources */,
				EC45CADE18ADC7CE0063DD11 /* AppDelegate.m in Sources */,
				EC45CBA918ADD1A00063DD11 /* Clock.m in Sources */,
				EC45CADA18ADC7CE0063DD11 /* main.m in Sources */,
			);
			runOnlyForDeploymentPostprocessing = 0;
		};
		EC45CB7218ADD0B80063DD11 /* Sources */ = {
			isa = PBXSourcesBuildPhase;
			buildActionMask = 2147483647;
			files = (
				EC45CB8618ADD0B80063DD11 /* AppDelegate.m in Sources */,
				ECC5760818ADDE4E00C2BFB8 /* ClockView.m in Sources */,
				EC45CBA518ADD0F60063DD11 /* FBKVOController.m in Sources */,
				EC45CBAA18ADD6BB0063DD11 /* Clock.m in Sources */,
				EC45CB7F18ADD0B80063DD11 /* main.m in Sources */,
			);
			runOnlyForDeploymentPostprocessing = 0;
		};
/* End PBXSourcesBuildPhase section */

/* Begin PBXVariantGroup section */
		EC45CAD618ADC7CE0063DD11 /* InfoPlist.strings */ = {
			isa = PBXVariantGroup;
			children = (
				EC45CAD718ADC7CE0063DD11 /* en */,
			);
			name = InfoPlist.strings;
			sourceTree = "<group>";
		};
		EC45CADF18ADC7CE0063DD11 /* Main_iPhone.storyboard */ = {
			isa = PBXVariantGroup;
			children = (
				EC45CAE018ADC7CE0063DD11 /* Base */,
			);
			name = Main_iPhone.storyboard;
			sourceTree = "<group>";
		};
		EC45CAE218ADC7CE0063DD11 /* Main_iPad.storyboard */ = {
			isa = PBXVariantGroup;
			children = (
				EC45CAE318ADC7CE0063DD11 /* Base */,
			);
			name = Main_iPad.storyboard;
			sourceTree = "<group>";
		};
		EC45CB7B18ADD0B80063DD11 /* InfoPlist.strings */ = {
			isa = PBXVariantGroup;
			children = (
				EC45CB7C18ADD0B80063DD11 /* en */,
			);
			name = InfoPlist.strings;
			sourceTree = "<group>";
		};
		EC45CB8118ADD0B80063DD11 /* Credits.rtf */ = {
			isa = PBXVariantGroup;
			children = (
				EC45CB8218ADD0B80063DD11 /* en */,
			);
			name = Credits.rtf;
			sourceTree = "<group>";
		};
		EC45CB8718ADD0B80063DD11 /* MainMenu.xib */ = {
			isa = PBXVariantGroup;
			children = (
				EC45CB8818ADD0B80063DD11 /* Base */,
			);
			name = MainMenu.xib;
			sourceTree = "<group>";
		};
/* End PBXVariantGroup section */

/* Begin XCBuildConfiguration section */
		EC45CAC418ADC7920063DD11 /* Debug */ = {
			isa = XCBuildConfiguration;
			buildSettings = {
			};
			name = Debug;
		};
		EC45CAC518ADC7920063DD11 /* Release */ = {
			isa = XCBuildConfiguration;
			buildSettings = {
			};
			name = Release;
		};
		EC45CAFE18ADC7CE0063DD11 /* Debug */ = {
			isa = XCBuildConfiguration;
			buildSettings = {
				ALWAYS_SEARCH_USER_PATHS = NO;
				ARCHS = "$(ARCHS_STANDARD_INCLUDING_64_BIT)";
				ASSETCATALOG_COMPILER_APPICON_NAME = AppIcon;
				ASSETCATALOG_COMPILER_LAUNCHIMAGE_NAME = LaunchImage;
				CLANG_CXX_LANGUAGE_STANDARD = "gnu++0x";
				CLANG_CXX_LIBRARY = "libc++";
				CLANG_ENABLE_MODULES = YES;
				CLANG_ENABLE_OBJC_ARC = YES;
				CLANG_WARN_BOOL_CONVERSION = YES;
				CLANG_WARN_CONSTANT_CONVERSION = YES;
				CLANG_WARN_DIRECT_OBJC_ISA_USAGE = YES_ERROR;
				CLANG_WARN_EMPTY_BODY = YES;
				CLANG_WARN_ENUM_CONVERSION = YES;
				CLANG_WARN_INT_CONVERSION = YES;
				CLANG_WARN_OBJC_ROOT_CLASS = YES_ERROR;
				CLANG_WARN__DUPLICATE_METHOD_MATCH = YES;
				"CODE_SIGN_IDENTITY[sdk=iphoneos*]" = "iPhone Developer";
				COPY_PHASE_STRIP = NO;
				FRAMEWORK_SEARCH_PATHS = (
					"$(inherited)",
					"$(DEVELOPER_FRAMEWORKS_DIR)",
				);
				GCC_C_LANGUAGE_STANDARD = gnu99;
				GCC_DYNAMIC_NO_PIC = NO;
				GCC_OPTIMIZATION_LEVEL = 0;
				GCC_PRECOMPILE_PREFIX_HEADER = YES;
				GCC_PREFIX_HEADER = "Clock-iOS/Clock-iOS-Prefix.pch";
				GCC_PREPROCESSOR_DEFINITIONS = (
					"DEBUG=1",
					"$(inherited)",
				);
				GCC_SYMBOLS_PRIVATE_EXTERN = NO;
				GCC_WARN_64_TO_32_BIT_CONVERSION = YES;
				GCC_WARN_ABOUT_RETURN_TYPE = YES_ERROR;
				GCC_WARN_UNDECLARED_SELECTOR = YES;
				GCC_WARN_UNINITIALIZED_AUTOS = YES;
				GCC_WARN_UNUSED_FUNCTION = YES;
				GCC_WARN_UNUSED_VARIABLE = YES;
				INFOPLIST_FILE = "Clock-iOS/Clock-iOS-Info.plist";
				IPHONEOS_DEPLOYMENT_TARGET = 7.0;
				LIBRARY_SEARCH_PATHS = (
					"$(inherited)",
					"$(BUILT_PRODUCTS_DIR)",
				);
				ONLY_ACTIVE_ARCH = YES;
				PRODUCT_NAME = "$(TARGET_NAME)";
				SDKROOT = iphoneos;
				TARGETED_DEVICE_FAMILY = "1,2";
				WRAPPER_EXTENSION = app;
			};
			name = Debug;
		};
		EC45CAFF18ADC7CE0063DD11 /* Release */ = {
			isa = XCBuildConfiguration;
			buildSettings = {
				ALWAYS_SEARCH_USER_PATHS = NO;
				ARCHS = "$(ARCHS_STANDARD_INCLUDING_64_BIT)";
				ASSETCATALOG_COMPILER_APPICON_NAME = AppIcon;
				ASSETCATALOG_COMPILER_LAUNCHIMAGE_NAME = LaunchImage;
				CLANG_CXX_LANGUAGE_STANDARD = "gnu++0x";
				CLANG_CXX_LIBRARY = "libc++";
				CLANG_ENABLE_MODULES = YES;
				CLANG_ENABLE_OBJC_ARC = YES;
				CLANG_WARN_BOOL_CONVERSION = YES;
				CLANG_WARN_CONSTANT_CONVERSION = YES;
				CLANG_WARN_DIRECT_OBJC_ISA_USAGE = YES_ERROR;
				CLANG_WARN_EMPTY_BODY = YES;
				CLANG_WARN_ENUM_CONVERSION = YES;
				CLANG_WARN_INT_CONVERSION = YES;
				CLANG_WARN_OBJC_ROOT_CLASS = YES_ERROR;
				CLANG_WARN__DUPLICATE_METHOD_MATCH = YES;
				"CODE_SIGN_IDENTITY[sdk=iphoneos*]" = "iPhone Developer";
				COPY_PHASE_STRIP = YES;
				ENABLE_NS_ASSERTIONS = NO;
				FRAMEWORK_SEARCH_PATHS = (
					"$(inherited)",
					"$(DEVELOPER_FRAMEWORKS_DIR)",
				);
				GCC_C_LANGUAGE_STANDARD = gnu99;
				GCC_PRECOMPILE_PREFIX_HEADER = YES;
				GCC_PREFIX_HEADER = "Clock-iOS/Clock-iOS-Prefix.pch";
				GCC_WARN_64_TO_32_BIT_CONVERSION = YES;
				GCC_WARN_ABOUT_RETURN_TYPE = YES_ERROR;
				GCC_WARN_UNDECLARED_SELECTOR = YES;
				GCC_WARN_UNINITIALIZED_AUTOS = YES;
				GCC_WARN_UNUSED_FUNCTION = YES;
				GCC_WARN_UNUSED_VARIABLE = YES;
				INFOPLIST_FILE = "Clock-iOS/Clock-iOS-Info.plist";
				IPHONEOS_DEPLOYMENT_TARGET = 7.0;
				LIBRARY_SEARCH_PATHS = (
					"$(inherited)",
					"$(BUILT_PRODUCTS_DIR)",
				);
				PRODUCT_NAME = "$(TARGET_NAME)";
				SDKROOT = iphoneos;
				TARGETED_DEVICE_FAMILY = "1,2";
				VALIDATE_PRODUCT = YES;
				WRAPPER_EXTENSION = app;
			};
			name = Release;
		};
		EC45CB9E18ADD0B80063DD11 /* Debug */ = {
			isa = XCBuildConfiguration;
			buildSettings = {
				ALWAYS_SEARCH_USER_PATHS = NO;
				ASSETCATALOG_COMPILER_APPICON_NAME = AppIcon;
				CLANG_CXX_LANGUAGE_STANDARD = "gnu++0x";
				CLANG_CXX_LIBRARY = "libc++";
				CLANG_ENABLE_OBJC_ARC = YES;
				CLANG_WARN_BOOL_CONVERSION = YES;
				CLANG_WARN_CONSTANT_CONVERSION = YES;
				CLANG_WARN_DIRECT_OBJC_ISA_USAGE = YES_ERROR;
				CLANG_WARN_EMPTY_BODY = YES;
				CLANG_WARN_ENUM_CONVERSION = YES;
				CLANG_WARN_INT_CONVERSION = YES;
				CLANG_WARN_OBJC_ROOT_CLASS = YES_ERROR;
				CLANG_WARN__DUPLICATE_METHOD_MATCH = YES;
				COMBINE_HIDPI_IMAGES = YES;
				COPY_PHASE_STRIP = NO;
				GCC_C_LANGUAGE_STANDARD = gnu99;
				GCC_DYNAMIC_NO_PIC = NO;
				GCC_ENABLE_OBJC_EXCEPTIONS = YES;
				GCC_OPTIMIZATION_LEVEL = 0;
				GCC_PRECOMPILE_PREFIX_HEADER = YES;
				GCC_PREFIX_HEADER = "Clock-OSX/Clock-OSX-Prefix.pch";
				GCC_PREPROCESSOR_DEFINITIONS = (
					"DEBUG=1",
					"$(inherited)",
				);
				GCC_SYMBOLS_PRIVATE_EXTERN = NO;
				GCC_WARN_64_TO_32_BIT_CONVERSION = YES;
				GCC_WARN_ABOUT_RETURN_TYPE = YES_ERROR;
				GCC_WARN_UNDECLARED_SELECTOR = YES;
				GCC_WARN_UNINITIALIZED_AUTOS = YES;
				GCC_WARN_UNUSED_FUNCTION = YES;
				GCC_WARN_UNUSED_VARIABLE = YES;
				INFOPLIST_FILE = "Clock-OSX/Clock-OSX-Info.plist";
				MACOSX_DEPLOYMENT_TARGET = 10.9;
				ONLY_ACTIVE_ARCH = YES;
				PRODUCT_NAME = "$(TARGET_NAME)";
				SDKROOT = macosx;
				WRAPPER_EXTENSION = app;
			};
			name = Debug;
		};
		EC45CB9F18ADD0B80063DD11 /* Release */ = {
			isa = XCBuildConfiguration;
			buildSettings = {
				ALWAYS_SEARCH_USER_PATHS = NO;
				ASSETCATALOG_COMPILER_APPICON_NAME = AppIcon;
				CLANG_CXX_LANGUAGE_STANDARD = "gnu++0x";
				CLANG_CXX_LIBRARY = "libc++";
				CLANG_ENABLE_OBJC_ARC = YES;
				CLANG_WARN_BOOL_CONVERSION = YES;
				CLANG_WARN_CONSTANT_CONVERSION = YES;
				CLANG_WARN_DIRECT_OBJC_ISA_USAGE = YES_ERROR;
				CLANG_WARN_EMPTY_BODY = YES;
				CLANG_WARN_ENUM_CONVERSION = YES;
				CLANG_WARN_INT_CONVERSION = YES;
				CLANG_WARN_OBJC_ROOT_CLASS = YES_ERROR;
				CLANG_WARN__DUPLICATE_METHOD_MATCH = YES;
				COMBINE_HIDPI_IMAGES = YES;
				COPY_PHASE_STRIP = YES;
				DEBUG_INFORMATION_FORMAT = "dwarf-with-dsym";
				ENABLE_NS_ASSERTIONS = NO;
				GCC_C_LANGUAGE_STANDARD = gnu99;
				GCC_ENABLE_OBJC_EXCEPTIONS = YES;
				GCC_PRECOMPILE_PREFIX_HEADER = YES;
				GCC_PREFIX_HEADER = "Clock-OSX/Clock-OSX-Prefix.pch";
				GCC_WARN_64_TO_32_BIT_CONVERSION = YES;
				GCC_WARN_ABOUT_RETURN_TYPE = YES_ERROR;
				GCC_WARN_UNDECLARED_SELECTOR = YES;
				GCC_WARN_UNINITIALIZED_AUTOS = YES;
				GCC_WARN_UNUSED_FUNCTION = YES;
				GCC_WARN_UNUSED_VARIABLE = YES;
				INFOPLIST_FILE = "Clock-OSX/Clock-OSX-Info.plist";
				MACOSX_DEPLOYMENT_TARGET = 10.9;
				PRODUCT_NAME = "$(TARGET_NAME)";
				SDKROOT = macosx;
				WRAPPER_EXTENSION = app;
			};
			name = Release;
		};
/* End XCBuildConfiguration section */

/* Begin XCConfigurationList section */
		EC45CAC318ADC7920063DD11 /* Build configuration list for PBXProject "Examples" */ = {
			isa = XCConfigurationList;
			buildConfigurations = (
				EC45CAC418ADC7920063DD11 /* Debug */,
				EC45CAC518ADC7920063DD11 /* Release */,
			);
			defaultConfigurationIsVisible = 0;
			defaultConfigurationName = Release;
		};
		EC45CAFD18ADC7CE0063DD11 /* Build configuration list for PBXNativeTarget "Clock-iOS" */ = {
			isa = XCConfigurationList;
			buildConfigurations = (
				EC45CAFE18ADC7CE0063DD11 /* Debug */,
				EC45CAFF18ADC7CE0063DD11 /* Release */,
			);
			defaultConfigurationIsVisible = 0;
			defaultConfigurationName = Release;
		};
		EC45CB9D18ADD0B80063DD11 /* Build configuration list for PBXNativeTarget "Clock-OSX" */ = {
			isa = XCConfigurationList;
			buildConfigurations = (
				EC45CB9E18ADD0B80063DD11 /* Debug */,
				EC45CB9F18ADD0B80063DD11 /* Release */,
			);
			defaultConfigurationIsVisible = 0;
			defaultConfigurationName = Release;
		};
/* End XCConfigurationList section */
	};
	rootObject = EC45CAC018ADC7920063DD11 /* Project object */;
}
